
Microsoft Visual Studio Solution File, Format Version 12.00
# Visual Studio Version 17
VisualStudioVersion = 17.0.31903.59
MinimumVisualStudioVersion = 10.0.40219.1
Project("{FAE04EC0-301F-11D3-BF4B-00C04F79EFBC}") = "API", "API\API.csproj", "{9EB9F2B3-456F-47C5-85D8-FFB72A3B895E}"
EndProject
Project("{FAE04EC0-301F-11D3-BF4B-00C04F79EFBC}") = "Core", "Core\Core.csproj", "{D3D70B1F-FA20-4C2F-B2F3-8EC0F4D12D34}"
EndProject
Project("{FAE04EC0-301F-11D3-BF4B-00C04F79EFBC}") = "Infrastructure", "Infrastructure\Infrastructure.csproj", "{85B22D4C-C931-4009-8664-D86BEFC92A7B}"
EndProject
Global
	GlobalSection(SolutionConfigurationPlatforms) = preSolution
		Debug|Any CPU = Debug|Any CPU
		Release|Any CPU = Release|Any CPU
	EndGlobalSection
	GlobalSection(SolutionProperties) = preSolution
		HideSolutionNode = FALSE
	EndGlobalSection
	GlobalSection(ProjectConfigurationPlatforms) = postSolution
		{9EB9F2B3-456F-47C5-85D8-FFB72A3B895E}.Debug|Any CPU.ActiveCfg = Debug|Any CPU
		{9EB9F2B3-456F-47C5-85D8-FFB72A3B895E}.Debug|Any CPU.Build.0 = Debug|Any CPU
		{9EB9F2B3-456F-47C5-85D8-FFB72A3B895E}.Release|Any CPU.ActiveCfg = Release|Any CPU
		{9EB9F2B3-456F-47C5-85D8-FFB72A3B895E}.Release|Any CPU.Build.0 = Release|Any CPU
		{D3D70B1F-FA20-4C2F-B2F3-8EC0F4D12D34}.Debug|Any CPU.ActiveCfg = Debug|Any CPU
		{D3D70B1F-FA20-4C2F-B2F3-8EC0F4D12D34}.Debug|Any CPU.Build.0 = Debug|Any CPU
		{D3D70B1F-FA20-4C2F-B2F3-8EC0F4D12D34}.Release|Any CPU.ActiveCfg = Release|Any CPU
		{D3D70B1F-FA20-4C2F-B2F3-8EC0F4D12D34}.Release|Any CPU.Build.0 = Release|Any CPU
		{85B22D4C-C931-4009-8664-D86BEFC92A7B}.Debug|Any CPU.ActiveCfg = Debug|Any CPU
		{85B22D4C-C931-4009-8664-D86BEFC92A7B}.Debug|Any CPU.Build.0 = Debug|Any CPU
		{85B22D4C-C931-4009-8664-D86BEFC92A7B}.Release|Any CPU.ActiveCfg = Release|Any CPU
		{85B22D4C-C931-4009-8664-D86BEFC92A7B}.Release|Any CPU.Build.0 = Release|Any CPU
	EndGlobalSection
EndGlobal
